# This file is automatically @generated by Cargo.
# It is not intended for manual editing.
[[package]]
name = "01_blinkled"
version = "0.0.1"
dependencies = [
 "cc",
 "ruspiro-allocator",
 "ruspiro-boot",
 "ruspiro-gpio 0.2.1",
 "ruspiro-timer 0.1.0",
]

[[package]]
name = "cc"
version = "1.0.48"
source = "registry+https://github.com/rust-lang/crates.io-index"
checksum = "f52a465a666ca3d838ebbf08b241383421412fe7ebb463527bba275526d89f76"

[[package]]
name = "paste"
version = "0.1.6"
source = "registry+https://github.com/rust-lang/crates.io-index"
checksum = "423a519e1c6e828f1e73b720f9d9ed2fa643dce8a7737fb43235ce0b41eeaa49"
dependencies = [
 "paste-impl",
 "proc-macro-hack",
]

[[package]]
name = "paste-impl"
version = "0.1.6"
source = "registry+https://github.com/rust-lang/crates.io-index"
checksum = "4214c9e912ef61bf42b81ba9a47e8aad1b2ffaf739ab162bf96d1e011f54e6c5"
dependencies = [
 "proc-macro-hack",
 "proc-macro2 1.0.6",
 "quote 1.0.2",
 "syn 1.0.11",
]

[[package]]
name = "proc-macro-hack"
version = "0.5.11"
source = "registry+https://github.com/rust-lang/crates.io-index"
checksum = "ecd45702f76d6d3c75a80564378ae228a85f0b59d2f3ed43c91b4a69eb2ebfc5"
dependencies = [
 "proc-macro2 1.0.6",
 "quote 1.0.2",
 "syn 1.0.11",
]

[[package]]
name = "proc-macro2"
version = "0.4.30"
source = "registry+https://github.com/rust-lang/crates.io-index"
checksum = "cf3d2011ab5c909338f7887f4fc896d35932e29146c12c8d01da6b22a80ba759"
dependencies = [
 "unicode-xid 0.1.0",
]

[[package]]
name = "proc-macro2"
version = "1.0.6"
source = "registry+https://github.com/rust-lang/crates.io-index"
checksum = "9c9e470a8dc4aeae2dee2f335e8f533e2d4b347e1434e5671afc49b054592f27"
dependencies = [
 "unicode-xid 0.2.0",
]

[[package]]
name = "quote"
version = "0.6.13"
source = "registry+https://github.com/rust-lang/crates.io-index"
checksum = "6ce23b6b870e8f94f81fb0a363d65d86675884b34a09043c81e5562f11c1f8e1"
dependencies = [
 "proc-macro2 0.4.30",
]

[[package]]
name = "quote"
version = "1.0.2"
source = "registry+https://github.com/rust-lang/crates.io-index"
checksum = "053a8c8bcc71fcce321828dc897a98ab9760bef03a4fc36693c231e5b3216cfe"
dependencies = [
 "proc-macro2 1.0.6",
]

[[package]]
name = "ruspiro-allocator"
version = "0.3.0"
source = "registry+https://github.com/rust-lang/crates.io-index"
checksum = "2a7f00f959293bc170d28c7fc4792478bd84cf90ed4effea0dd623f1e5474dd7"
dependencies = [
 "cc",
 "ruspiro-lock 0.3.0",
]

[[package]]
name = "ruspiro-boot"
version = "0.3.0"
source = "registry+https://github.com/rust-lang/crates.io-index"
checksum = "7e4d2bfd063fb5c6502467e1f16a912d312d7577a6cfbbd87668a823509a3171"
dependencies = [
 "cc",
 "ruspiro-cache",
 "ruspiro-console",
 "ruspiro-gpio 0.3.0",
 "ruspiro-interrupt",
 "ruspiro-register 0.3.1",
 "ruspiro-timer 0.3.0",
 "ruspiro-uart",
]

[[package]]
name = "ruspiro-cache"
version = "0.3.0"
source = "registry+https://github.com/rust-lang/crates.io-index"
checksum = "a08096c4910de2801ad8fa8e5ac4b7ac64b54b89cde4284afb5187fce787ae04"
dependencies = [
 "cc",
]

[[package]]
name = "ruspiro-console"
version = "0.3.0"
source = "registry+https://github.com/rust-lang/crates.io-index"
checksum = "e84f078e1b25822ac159df6c6fad888313b48389f8bc094f545f4ca9ef18230e"
dependencies = [
 "ruspiro-singleton 0.3.0",
]

[[package]]
name = "ruspiro-gpio"
version = "0.2.1"
source = "registry+https://github.com/rust-lang/crates.io-index"
checksum = "20202e9cc8fa581e0aab8be36067e2e2a827736b48d2edda1bcd2eedc57bdf89"
dependencies = [
 "ruspiro-register 0.1.1",
 "ruspiro-singleton 0.2.2",
]

[[package]]
name = "ruspiro-gpio"
version = "0.3.0"
source = "registry+https://github.com/rust-lang/crates.io-index"
checksum = "7441d47c99006e95cd44fe24c1ce67be4506d5c83e8757aed97ad2439882fee4"
dependencies = [
 "ruspiro-register 0.3.1",
 "ruspiro-singleton 0.3.0",
]

[[package]]
name = "ruspiro-interrupt"
version = "0.3.0"
source = "registry+https://github.com/rust-lang/crates.io-index"
checksum = "ce6000816b8b3be4aee8d1abcc8aa2a9d8b1683d90d4875417b4f6f4c7111cbf"
dependencies = [
 "paste",
 "ruspiro-interrupt-core 0.3.0",
 "ruspiro-interrupt-macros",
 "ruspiro-register 0.3.1",
 "ruspiro-singleton 0.3.0",
]

[[package]]
name = "ruspiro-interrupt-core"
version = "0.2.0"
source = "registry+https://github.com/rust-lang/crates.io-index"
checksum = "8a15562837cd3acf3ab87cd9f6b37993fd85f715e809d85d3a1ca345ba37d0a8"

[[package]]
name = "ruspiro-interrupt-core"
version = "0.3.0"
source = "registry+https://github.com/rust-lang/crates.io-index"
checksum = "c7b390251fac17053254f0f0bacace3ff6732b6eae4b73ef8343ba5463f3db1f"

[[package]]
name = "ruspiro-interrupt-macros"
version = "0.2.1"
source = "registry+https://github.com/rust-lang/crates.io-index"
checksum = "3bf47835aae38b0614fb790f4f3ba175fbafeeb02ba16ec8f430ef5268825b65"
dependencies = [
 "quote 0.6.13",
 "syn 0.15.44",
]

[[package]]
name = "ruspiro-lock"
version = "0.2.2"
source = "registry+https://github.com/rust-lang/crates.io-index"
checksum = "f3d857afc6cfb39b4161cd8a3651977cd75c3838d3a92e60663c6ef6bb0b0f48"
dependencies = [
 "ruspiro-interrupt-core 0.2.0",
]

[[package]]
name = "ruspiro-lock"
version = "0.3.0"
source = "registry+https://github.com/rust-lang/crates.io-index"
checksum = "e87db6be5a2f908e43b8ccd2b222003c5e68738aaaca456d36debffa79a09e43"
dependencies = [
 "ruspiro-interrupt-core 0.3.0",
]

[[package]]
name = "ruspiro-register"
version = "0.1.1"
source = "registry+https://github.com/rust-lang/crates.io-index"
checksum = "b980f28994eba9f2f2a7e539acdc2daf7903cd38dd173c24153d4a2a69f23414"

[[package]]
name = "ruspiro-register"
version = "0.3.1"
source = "registry+https://github.com/rust-lang/crates.io-index"
checksum = "446d239730182f0745c9d412746da376436ce453c43c87c05057d35d62d1fff3"

[[package]]
name = "ruspiro-singleton"
version = "0.2.2"
source = "registry+https://github.com/rust-lang/crates.io-index"
checksum = "b6211cd7c1bc598c39d84d10099e7c36030287f23440649ffc6b32381e181874"
dependencies = [
 "ruspiro-lock 0.2.2",
]

[[package]]
name = "ruspiro-singleton"
version = "0.3.0"
source = "registry+https://github.com/rust-lang/crates.io-index"
checksum = "e7919b8dd53e14b4132567c623c439451d57252667fe98d2a436ca58b7794f97"
dependencies = [
 "ruspiro-lock 0.3.0",
]

[[package]]
name = "ruspiro-timer"
version = "0.1.0"
source = "registry+https://github.com/rust-lang/crates.io-index"
checksum = "abf2c5cd31f3b5a83e08271fa73cd0ad2ec19f23693a0590a648f66ccf3e1d39"
dependencies = [
 "ruspiro-register 0.1.1",
]

[[package]]
name = "ruspiro-timer"
version = "0.3.0"
source = "registry+https://github.com/rust-lang/crates.io-index"
checksum = "f355fd9eb71d06c6e34f65b67a8f59477ad1da0e327995ae6af4c9d5cfc949e4"
dependencies = [
 "ruspiro-register 0.3.1",
]

[[package]]
name = "ruspiro-uart"
version = "0.3.0"
source = "registry+https://github.com/rust-lang/crates.io-index"
checksum = "f60d251ea4826f69542037e88887c0fbce1ff5b5480c1f6b9993a4fd25c1ced7"
dependencies = [
 "ruspiro-console",
 "ruspiro-gpio 0.3.0",
 "ruspiro-register 0.3.1",
 "ruspiro-timer 0.3.0",
]

[[package]]
name = "syn"
version = "0.15.44"
source = "registry+https://github.com/rust-lang/crates.io-index"
checksum = "9ca4b3b69a77cbe1ffc9e198781b7acb0c7365a883670e8f1c1bc66fba79a5c5"
dependencies = [
 "proc-macro2 0.4.30",
 "quote 0.6.13",
 "unicode-xid 0.1.0",
]

[[package]]
name = "syn"
version = "1.0.11"
source = "registry+https://github.com/rust-lang/crates.io-index"
checksum = "dff0acdb207ae2fe6d5976617f887eb1e35a2ba52c13c7234c790960cdad9238"
dependencies = [
 "proc-macro2 1.0.6",
 "quote 1.0.2",
 "unicode-xid 0.2.0",
]

[[package]]
name = "unicode-xid"
version = "0.1.0"
source = "registry+https://github.com/rust-lang/crates.io-index"
checksum = "fc72304796d0818e357ead4e000d19c9c174ab23dc11093ac919054d20a6a7fc"

[[package]]
name = "unicode-xid"
version = "0.2.0"
source = "registry+https://github.com/rust-lang/crates.io-index"
checksum = "826e7639553986605ec5979c7dd957c7895e93eabed50ab2ffa7f6128a75097c"
